{
  "name": "betivi.ro",
  "lockfileVersion": 3,
  "requires": true,
  "packages": {
    "": {
      "dependencies": {
        "meto": "^0.30.0"
      }
    },
    "node_modules/annon": {
      "version": "0.12.0",
      "resolved": "https://registry.npmjs.org/annon/-/annon-0.12.0.tgz",
      "integrity": "sha512-G5XiXeO3MHYSj8gJ/W5JvJavknq7f8fEb5p+TJVbn7iySh+syzXaj80K6LFhGj7wk8S4gMUd2oqn2w4Y2z2JhA==",
      "license": "MIT",
      "dependencies": {
        "babel-runtime": "^6.25.0",
        "falzy": "^0.23.0",
        "fnamed": "^0.14.0",
        "protype": "^0.24.0"
      }
    },
    "node_modules/arid": {
      "version": "0.30.0",
      "resolved": "https://registry.npmjs.org/arid/-/arid-0.30.0.tgz",
      "integrity": "sha512-zxUFvI9wFuikYchv89sPEnocq6BWVML6CdfxvKRlEJv52Q8o+WQk+BCTr12YJ1pSU2E3F7yAzH+lTpycAcTTqg==",
      "license": "MIT",
      "dependencies": {
        "arkount": "^0.12.0",
        "babel-runtime": "^6.23.0"
      }
    },
    "node_modules/arkount": {
      "version": "0.12.0",
      "resolved": "https://registry.npmjs.org/arkount/-/arkount-0.12.0.tgz",
      "integrity": "sha512-X+JDBtwbvQ5OSjxGO7fXTkpF3rsS7PgonPcmcPQ4YrgmpVHHwBgY6vbJwBYERfSQpbXKyx083HqnhTMVkkzi8A==",
      "license": "MIT",
      "dependencies": {
        "babel-runtime": "^6.23.0",
        "raze": "^0.34.0",
        "truly": "^0.20.0"
      }
    },
    "node_modules/asea": {
      "version": "0.16.0",
      "resolved": "https://registry.npmjs.org/asea/-/asea-0.16.0.tgz",
      "integrity": "sha512-vaL0f6Ice9Y6R/RKy0En/pnRNXVCzIpBQTKinhgXrFLhfuPtKh2l55TwbiIkgyQFZlxlhP7Ike91tKbIj3JELg==",
      "license": "MIT",
      "dependencies": {
        "babel-runtime": "^6.23.0",
        "harden": "^0.23.0"
      }
    },
    "node_modules/babel-runtime": {
      "version": "6.26.0",
      "resolved": "https://registry.npmjs.org/babel-runtime/-/babel-runtime-6.26.0.tgz",
      "integrity": "sha512-ITKNuq2wKlW1fJg9sSW52eepoYgZBggvOAHC0u/CYu/qxQ9EVzThCgR69BnSXLHjy2f7SY5zaQ4yt7H9ZVxY2g==",
      "license": "MIT",
      "dependencies": {
        "core-js": "^2.4.0",
        "regenerator-runtime": "^0.11.0"
      }
    },
    "node_modules/blon": {
      "version": "0.4.0",
      "resolved": "https://registry.npmjs.org/blon/-/blon-0.4.0.tgz",
      "integrity": "sha512-ucGkNHNKZfN656oUkWutTV/UD+XIarWyp7kVYuWE+1rLPVDV/VCli8jWmamtA5cBg7M8ia26/bqPOdQG4zmBSg==",
      "license": "MIT",
      "dependencies": {
        "babel-runtime": "^6.25.0",
        "ehm": "^0.21.0",
        "harden": "^0.23.0"
      }
    },
    "node_modules/bse": {
      "version": "0.0.0",
      "resolved": "https://registry.npmjs.org/bse/-/bse-0.0.0.tgz",
      "integrity": "sha512-FKGKCPkuhzv/27+gdmoD2ybbqwSWe8Up4uBNdL/Ia7BsBOctI+x1/ZNI6quy+x8zhfNZChu7ycGh5OUtraD+Og==",
      "license": "MIT",
      "dependencies": {
        "babel-runtime": "^6.25.0",
        "falzy": "^0.23.0"
      }
    },
    "node_modules/burne": {
      "version": "0.6.0",
      "resolved": "https://registry.npmjs.org/burne/-/burne-0.6.0.tgz",
      "integrity": "sha512-cR4EOgl/ngf3VYPrs36o+226cNxQHMflbRlA2dX3cfPi10KibX9TxPWgk0fP+GPjL7B4G8gcOxGTSR3oike1vw==",
      "license": "MIT",
      "dependencies": {
        "babel-runtime": "^6.25.0",
        "falzy": "^0.23.0",
        "impel": "^0.18.0",
        "mrkd": "^0.11.0",
        "protype": "^0.24.0",
        "transyl": "^0.4.0",
        "wichevr": "^0.14.0",
        "xcavate": "^0.4.0",
        "zelf": "^0.14.0"
      }
    },
    "node_modules/cald": {
      "version": "0.6.0",
      "resolved": "https://registry.npmjs.org/cald/-/cald-0.6.0.tgz",
      "integrity": "sha512-CvTDBEsOzdUvPco343vPnYEyEEhHTnBKxKPj7FJJRfSWnbBXkMyQbToc22fYb7+jIqycl4rSYtLdGwqS2RKkIA==",
      "license": "MIT",
      "dependencies": {
        "babel-runtime": "^6.23.0",
        "shft": "^0.5.0",
        "wichevr": "^0.14.0",
        "zelf": "^0.14.0"
      }
    },
    "node_modules/cemento": {
      "version": "0.17.0",
      "resolved": "https://registry.npmjs.org/cemento/-/cemento-0.17.0.tgz",
      "integrity": "sha512-WoclbvzFU6iUwDUoiw8jNZ1eINTnLNxQdzIwWg0Wd8mgml11gyiAmieFFVUh8gE+gzGvXNxAwfR9CXxHs24LHg==",
      "license": "MIT",
      "dependencies": {
        "babel-runtime": "^6.23.0",
        "harden": "^0.23.0",
        "kount": "^0.12.0"
      }
    },
    "node_modules/clazof": {
      "version": "0.36.0",
      "resolved": "https://registry.npmjs.org/clazof/-/clazof-0.36.0.tgz",
      "integrity": "sha512-Lt+AsOQicB3Kd6Rc2Bab7qVnLZMyl/p7Am7YJOLk3qZpkO8egUA4HFnn7va3C2j2n/sZrsFNC3utvDLUfNTXtg==",
      "license": "MIT",
      "dependencies": {
        "annon": "^0.12.0",
        "babel-runtime": "^6.25.0",
        "falzy": "^0.23.0",
        "fname": "^0.13.0",
        "portel": "^0.6.0",
        "protype": "^0.24.0",
        "raze": "^0.34.0",
        "stringe": "^0.5.0",
        "wauker": "^0.21.0"
      }
    },
    "node_modules/condev": {
      "version": "0.20.0",
      "resolved": "https://registry.npmjs.org/condev/-/condev-0.20.0.tgz",
      "integrity": "sha512-9eKZM4ftWADqjtCFZk6VRSJ5BY5yy2ksdUCyMYCh7WnVkN7vVn1zBxJ5JbimGhjog71AIXEBHXneoOhDP/EIlQ==",
      "license": "MIT",
      "dependencies": {
        "annon": "^0.12.0",
        "babel-runtime": "^6.25.0",
        "cald": "^0.6.0",
        "clazof": "^0.36.0",
        "doubt": "^0.34.0",
        "enyof": "^0.11.0",
        "eqe": "^0.5.0",
        "falzy": "^0.23.0",
        "fnamed": "^0.14.0",
        "raze": "^0.34.0",
        "truly": "^0.20.0",
        "zelf": "^0.14.0"
      }
    },
    "node_modules/core-js": {
      "version": "2.6.12",
      "resolved": "https://registry.npmjs.org/core-js/-/core-js-2.6.12.tgz",
      "integrity": "sha512-Kb2wC0fvsWfQrgk8HU5lW6U/Lcs8+9aaYcy4ZFc6DDlo4nZ7n70dEgE5rtR0oG6ufKDUnrwfWL1mXR5ljDatrQ==",
      "deprecated": "core-js@<3.23.3 is no longer maintained and not recommended for usage due to the number of issues. Because of the V8 engine whims, feature detection in old core-js versions could cause a slowdown up to 100x even if nothing is polyfilled. Some versions have web compatibility issues. Please, upgrade your dependencies to the actual version of core-js.",
      "hasInstallScript": true,
      "license": "MIT"
    },
    "node_modules/decrease": {
      "version": "0.27.0",
      "resolved": "https://registry.npmjs.org/decrease/-/decrease-0.27.0.tgz",
      "integrity": "sha512-RGdSvY+xkweypDGJBiGEBkN/1I4fDHrfECZKvr4qRCaYDuMK/h23jy8mgFYs0Oq8qUWvNMXiTbQBmNwu9bFDoQ==",
      "license": "MIT",
      "dependencies": {
        "babel-runtime": "^6.23.0",
        "doubt": "^0.34.0",
        "falzy": "^0.23.0",
        "raze": "^0.34.0",
        "truly": "^0.20.0"
      }
    },
    "node_modules/dephall": {
      "version": "0.37.0",
      "resolved": "https://registry.npmjs.org/dephall/-/dephall-0.37.0.tgz",
      "integrity": "sha512-mZPGDNzM3i+KqUgLFLi3qTPsT7N/boERw098tOsZPn9DMgIz9Gdz9PD6x2WofBh80nUwKtTjfoXYFigGSb7Q8Q==",
      "license": "MIT",
      "dependencies": {
        "arid": "^0.30.0",
        "babel-runtime": "^6.25.0",
        "pyck": "^0.38.0",
        "shft": "^0.5.0",
        "truly": "^0.20.0",
        "zelf": "^0.14.0"
      }
    },
    "node_modules/depher": {
      "version": "0.38.0",
      "resolved": "https://registry.npmjs.org/depher/-/depher-0.38.0.tgz",
      "integrity": "sha512-fB3rRqqec249GfY5W0kdJE+8CJoNvNjdLYBgUFItInWM8FoLAu50+fEDqOaA4AgFZRwaqPQTbkNj5LUHWerzow==",
      "license": "MIT",
      "dependencies": {
        "babel-runtime": "^6.25.0",
        "dephall": "^0.37.0",
        "raze": "^0.34.0",
        "zelf": "^0.14.0"
      }
    },
    "node_modules/diatom": {
      "version": "0.34.0",
      "resolved": "https://registry.npmjs.org/diatom/-/diatom-0.34.0.tgz",
      "integrity": "sha512-qFU+dI12K3oodsqkjTquisSA/TP6+rPanK9VzdIW/LZaET4fHxk2lcl/Il+ovIZKZfrZByxWXIgmOl8fIU0PXA==",
      "license": "MIT",
      "dependencies": {
        "arid": "^0.30.0",
        "babel-runtime": "^6.25.0",
        "burne": "^0.6.0",
        "falzy": "^0.23.0",
        "komento": "^0.33.0",
        "llamalize": "^0.17.0",
        "shft": "^0.5.0"
      }
    },
    "node_modules/disdo": {
      "version": "0.17.0",
      "resolved": "https://registry.npmjs.org/disdo/-/disdo-0.17.0.tgz",
      "integrity": "sha512-rZt+yMLbk17ydg2nBe5u1b0vwnUX3kvjYK1rVV+9tKGtFdb6+kQCpepf3szL3QbZEPukgu0Ugv+WHjGuuyVwFw==",
      "license": "MIT",
      "dependencies": {
        "babel-runtime": "^6.25.0",
        "falzy": "^0.23.0"
      }
    },
    "node_modules/doubt": {
      "version": "0.34.0",
      "resolved": "https://registry.npmjs.org/doubt/-/doubt-0.34.0.tgz",
      "integrity": "sha512-x6ptka4Vzk6quQBQTy/dm8+RnyroMTal73KmkwfUGkXWJ7jBOSD7uI+ug3Oqb6PUrGEEqZb5eqWsUFth4w8C2Q==",
      "license": "MIT",
      "dependencies": {
        "babel-runtime": "^6.23.0",
        "cemento": "^0.17.0",
        "falzy": "^0.23.0",
        "harden": "^0.23.0",
        "stringe": "^0.5.0",
        "truly": "^0.20.0"
      }
    },
    "node_modules/een": {
      "version": "0.23.0",
      "resolved": "https://registry.npmjs.org/een/-/een-0.23.0.tgz",
      "integrity": "sha512-Nmj8x/NuCuXRYUNpekFKfpbRjuxC0/RJYpvHafSm/pxl4YXRsps+2Z5N48stfzoMKu4M3kB+DVzAFOBKP+PEVQ==",
      "license": "MIT",
      "dependencies": {
        "babel-runtime": "^6.23.0",
        "eqe": "^0.5.0",
        "raze": "^0.34.0",
        "truly": "^0.20.0"
      }
    },
    "node_modules/ehm": {
      "version": "0.21.0",
      "resolved": "https://registry.npmjs.org/ehm/-/ehm-0.21.0.tgz",
      "integrity": "sha512-zn2OaPkppWztmHf0UgEvOPw+hNmIHjaVKrHUvtbUZliHB0MEmjSxoQfzY+fAiBY4IoYGYC3RSsLCKnC3KCW2oA==",
      "license": "MIT",
      "dependencies": {
        "babel-runtime": "^6.25.0",
        "harden": "^0.23.0",
        "sxty4": "^0.11.0"
      }
    },
    "node_modules/enyof": {
      "version": "0.11.0",
      "resolved": "https://registry.npmjs.org/enyof/-/enyof-0.11.0.tgz",
      "integrity": "sha512-oGIdyKjXhlwNw6pABrCvn14zdbI4dWwEEIUkl98FI7WmQ0NC+iV8uIa+cK/6s1ZVOZWtDdaFPq/couDFLa2XXw==",
      "license": "MIT",
      "dependencies": {
        "babel-runtime": "^6.25.0",
        "eqe": "^0.5.0",
        "plough": "^0.29.0",
        "shft": "^0.5.0"
      }
    },
    "node_modules/eqe": {
      "version": "0.5.0",
      "resolved": "https://registry.npmjs.org/eqe/-/eqe-0.5.0.tgz",
      "integrity": "sha512-sHTILyOObrq+NYomYgif5W2NN7OnURFN74zUT39l/pTbyfAfLKC4Fm+6VU3wbqkUsvq/RH6uPFq9YMJ8pd2IlA==",
      "license": "MIT",
      "dependencies": {
        "babel-runtime": "^6.23.0",
        "nafe": "^0.5.0",
        "stringe": "^0.5.0"
      }
    },
    "node_modules/falzy": {
      "version": "0.23.0",
      "resolved": "https://registry.npmjs.org/falzy/-/falzy-0.23.0.tgz",
      "integrity": "sha512-hl92EF/w/hyUwOi5poe41B4HcPk2fw+mQcIDkmskrfW4gDPlCetZhJBHyW8sDdNpLZm1T6Qmj/NS7DCNwaadkg==",
      "license": "MIT",
      "dependencies": {
        "babel-runtime": "^6.23.0"
      }
    },
    "node_modules/fname": {
      "version": "0.13.0",
      "resolved": "https://registry.npmjs.org/fname/-/fname-0.13.0.tgz",
      "integrity": "sha512-fpxN8QoT40/4CurZtzZBYDL7nrbNhA7HY7LcfC4P4NVbMCfxASVrm0rAjdkLH0ZpfmrcuZiayTOxdtRLAhBEww==",
      "license": "MIT",
      "dependencies": {
        "babel-runtime": "^6.23.0",
        "falzy": "^0.23.0",
        "mtch": "^0.6.0",
        "nmde": "^0.5.0"
      }
    },
    "node_modules/fnamed": {
      "version": "0.14.0",
      "resolved": "https://registry.npmjs.org/fnamed/-/fnamed-0.14.0.tgz",
      "integrity": "sha512-2eB01iOb5aObLetZjmt2gzn70XJdOjI0ZblIKNludbR4PAMIggeV/fuQUjC6fcp+O/Y16MN9tKq7Qx5kBPcdPg==",
      "license": "MIT",
      "dependencies": {
        "babel-runtime": "^6.25.0",
        "falzy": "^0.23.0",
        "fname": "^0.13.0",
        "protype": "^0.24.0",
        "truly": "^0.20.0"
      }
    },
    "node_modules/fno": {
      "version": "0.5.0",
      "resolved": "https://registry.npmjs.org/fno/-/fno-0.5.0.tgz",
      "integrity": "sha512-0lvTwmiwv2fO3WKI4/MgmUqZAVlFdaOOaTc2WBUXSl9d7mxFKukegMSraMRa9EsFHN6AFhKTUvVEoTqvjyk8Vg==",
      "license": "MIT",
      "dependencies": {
        "babel-runtime": "^6.25.0",
        "ehm": "^0.21.0",
        "harden": "^0.23.0"
      }
    },
    "node_modules/glyo": {
      "version": "0.6.0",
      "resolved": "https://registry.npmjs.org/glyo/-/glyo-0.6.0.tgz",
      "integrity": "sha512-n4gn//W+7kwZQgDWjAGMNxsfWG+P8mfa/BAxWHFTkGztPVJizIaIk1IxGhvAaT7nH5F58SbQT8bN9gHzJZGnGQ==",
      "license": "MIT",
      "dependencies": {
        "babel-runtime": "^6.25.0",
        "ehm": "^0.21.0",
        "harden": "^0.23.0"
      }
    },
    "node_modules/handlebars": {
      "version": "4.7.9",
      "resolved": "https://registry.npmjs.org/handlebars/-/handlebars-4.7.9.tgz",
      "integrity": "sha512-4E71E0rpOaQuJR2A3xDZ+GM1HyWYv1clR58tC8emQNeQe3RH7MAzSbat+V0wG78LQBo6m6bzSG/L4pBuCsgnUQ==",
      "license": "MIT",
      "dependencies": {
        "minimist": "^1.2.5",
        "neo-async": "^2.6.2",
        "source-map": "^0.6.1",
        "wordwrap": "^1.0.0"
      },
      "bin": {
        "handlebars": "bin/handlebars"
      },
      "engines": {
        "node": ">=0.4.7"
      },
      "optionalDependencies": {
        "uglify-js": "^3.1.4"
      }
    },
    "node_modules/harden": {
      "version": "0.23.0",
      "resolved": "https://registry.npmjs.org/harden/-/harden-0.23.0.tgz",
      "integrity": "sha512-SBdCRBcYUfzCLCCyVFCURWA+mgv0PTj9Ie+pqxPBHLlrGNkN+g54kjDaJfQJLfyOX5f4/bj5ly33ym/FT3vgRA==",
      "license": "MIT",
      "dependencies": {
        "babel-runtime": "^6.23.0"
      }
    },
    "node_modules/impel": {
      "version": "0.18.0",
      "resolved": "https://registry.npmjs.org/impel/-/impel-0.18.0.tgz",
      "integrity": "sha512-GeP+ZMtDSx+USgNiaZfYN1c0LyH8bOgVTf1dfyUWXgv2uiGyIlr/s/5Jq7aIRiY67bAEZ7msXOcbMKtoX/5YEw==",
      "license": "MIT",
      "dependencies": {
        "babel-runtime": "^6.25.0",
        "falzy": "^0.23.0",
        "protype": "^0.24.0",
        "wichevr": "^0.14.0",
        "zelf": "^0.14.0"
      }
    },
    "node_modules/kein": {
      "version": "0.30.0",
      "resolved": "https://registry.npmjs.org/kein/-/kein-0.30.0.tgz",
      "integrity": "sha512-bmF7UoVK1JiTkO7FxjZLhYLJt2CdHqKjwItoYj6h6WOpUbplYs9zNxrjNnvQ8mk64EHpAXadPXJ0J/d4sA6CLA==",
      "license": "MIT",
      "dependencies": {
        "babel-runtime": "^6.25.0",
        "falzy": "^0.23.0",
        "fnamed": "^0.14.0",
        "portel": "^0.6.0",
        "protype": "^0.24.0",
        "zelf": "^0.14.0"
      }
    },
    "node_modules/komento": {
      "version": "0.33.0",
      "resolved": "https://registry.npmjs.org/komento/-/komento-0.33.0.tgz",
      "integrity": "sha512-MR3VtCxaHdd98lTpVDVP1TBltPQjNLrG6fSKFC048TrJF5cc8GQu4KU9aAsy2Ji3+oR762f3l/UFkH6H0yRV0w==",
      "license": "MIT",
      "dependencies": {
        "babel-runtime": "^6.25.0",
        "depher": "^0.38.0",
        "falzy": "^0.23.0",
        "handlebars": "^4.0.10",
        "protype": "^0.24.0",
        "realign": "^0.19.0",
        "stringe": "^0.5.0",
        "stuffed": "^0.27.0",
        "truly": "^0.20.0",
        "wichevr": "^0.14.0"
      }
    },
    "node_modules/kount": {
      "version": "0.12.0",
      "resolved": "https://registry.npmjs.org/kount/-/kount-0.12.0.tgz",
      "integrity": "sha512-vQvgWKJYZRDIqi9joIkX1bHQwvcjQTVEG0+z3ypBm9S0kdf5AeQ2RNJSBcQyxqD96aTOAjOGQQy2ARo0LK4yzA==",
      "license": "MIT",
      "dependencies": {
        "babel-runtime": "^6.23.0"
      }
    },
    "node_modules/llamalize": {
      "version": "0.17.0",
      "resolved": "https://registry.npmjs.org/llamalize/-/llamalize-0.17.0.tgz",
      "integrity": "sha512-kcguap6JLOruI3b8VlvV2NC6BZQfK/PWTc6Vubkwnp8FodnBpGXeeRzI/koJL29+Dy499kggI/w4ySyGACfEfg==",
      "license": "MIT",
      "dependencies": {
        "babel-runtime": "^6.25.0",
        "falzy": "^0.23.0",
        "titlelize": "^0.18.0"
      }
    },
    "node_modules/meto": {
      "version": "0.30.0",
      "resolved": "https://registry.npmjs.org/meto/-/meto-0.30.0.tgz",
      "integrity": "sha512-hY8eGI2lov+H7WBE61d9MpsQF6NCGiTttfW1ToilGau9jU3yP0ebNLmtnQD+ZBfX3z4kjknLlofuWO+dFxQCuw==",
      "license": "MIT",
      "dependencies": {
        "babel-runtime": "^6.25.0",
        "cemento": "^0.17.0",
        "diatom": "^0.34.0",
        "falzy": "^0.23.0",
        "kein": "^0.30.0",
        "protype": "^0.24.0",
        "wichevr": "^0.14.0",
        "zelf": "^0.14.0"
      }
    },
    "node_modules/minimist": {
      "version": "1.2.8",
      "resolved": "https://registry.npmjs.org/minimist/-/minimist-1.2.8.tgz",
      "integrity": "sha512-2yyAR8qBkN3YuheJanUpWC5U3bb5osDywNB8RzDVlDwDHbocAJveqqj1u8+SVD7jkWT4yvsHCpWqqWqAxb0zCA==",
      "license": "MIT",
      "funding": {
        "url": "https://github.com/sponsors/ljharb"
      }
    },
    "node_modules/mrkd": {
      "version": "0.11.0",
      "resolved": "https://registry.npmjs.org/mrkd/-/mrkd-0.11.0.tgz",
      "integrity": "sha512-MZ7Tx6QJAeUbZhWHyt3Wnk8Zm4H0M+k8ZIpkWakVrKyjC6vZaVbk7UuM7V/aqKfq8Wo+ZUuSpPvVpQluMHeYWg==",
      "license": "MIT",
      "dependencies": {
        "babel-runtime": "^6.25.0",
        "depher": "^0.38.0",
        "falzy": "^0.23.0",
        "kein": "^0.30.0",
        "protype": "^0.24.0",
        "raze": "^0.34.0",
        "xcavate": "^0.4.0",
        "zelf": "^0.14.0"
      }
    },
    "node_modules/mtch": {
      "version": "0.6.0",
      "resolved": "https://registry.npmjs.org/mtch/-/mtch-0.6.0.tgz",
      "integrity": "sha512-2kGKAXPMpNoVATSrfgey5yrCqNM4dh0RUk5BC6K3TnIiMusEEbpYoxRsUxRxKYy4xUnZ87sFPhsESQGsCd6MPw==",
      "license": "MIT",
      "dependencies": {
        "babel-runtime": "^6.23.0",
        "falzy": "^0.23.0",
        "raze": "^0.34.0",
        "stringe": "^0.5.0",
        "truly": "^0.20.0"
      }
    },
    "node_modules/nafe": {
      "version": "0.5.0",
      "resolved": "https://registry.npmjs.org/nafe/-/nafe-0.5.0.tgz",
      "integrity": "sha512-KtrTDkS3ENL0xCZrJRq/81iPYUMtet9uZSQedsZbzT8xU+X1KMUOoBdWduh1IHxjOK1fIQJdoCnEK4F0tKBsYA==",
      "license": "MIT",
      "dependencies": {
        "babel-runtime": "^6.23.0",
        "falzy": "^0.23.0",
        "stringe": "^0.5.0"
      }
    },
    "node_modules/ndfo": {
      "version": "0.8.0",
      "resolved": "https://registry.npmjs.org/ndfo/-/ndfo-0.8.0.tgz",
      "integrity": "sha512-tgJnk94LEcMVkP1cw9iJjLn/ERW+j55qgAUApgpcd13dXqlJTZZvzdbPBdOFVRhWkw5jALqDb4yeb6X7gpx/5g==",
      "license": "MIT",
      "dependencies": {
        "babel-runtime": "^6.25.0",
        "ehm": "^0.21.0",
        "harden": "^0.23.0"
      }
    },
    "node_modules/neo-async": {
      "version": "2.6.2",
      "resolved": "https://registry.npmjs.org/neo-async/-/neo-async-2.6.2.tgz",
      "integrity": "sha512-Yd3UES5mWCSqR+qNT93S3UoYUkqAZ9lLg8a7g9rimsWmYGK8cVToA4/sF3RrshdyV3sAGMXVUmpMYOw+dLpOuw==",
      "license": "MIT"
    },
    "node_modules/nmde": {
      "version": "0.5.0",
      "resolved": "https://registry.npmjs.org/nmde/-/nmde-0.5.0.tgz",
      "integrity": "sha512-qvmOMngVlRgbN7EwMW4pdt2etWmJxBtPWt4dD910mKrikFVOQbdKBCLKMT/CCP6Ek6Qnb3Sh0Y8QrpO0moq8Wg==",
      "license": "MIT",
      "dependencies": {
        "babel-runtime": "^6.23.0",
        "falzy": "^0.23.0",
        "truly": "^0.20.0"
      }
    },
    "node_modules/nol": {
      "version": "0.10.0",
      "resolved": "https://registry.npmjs.org/nol/-/nol-0.10.0.tgz",
      "integrity": "sha512-lYOKAuwj8kmFWOarXdPhjM3rvtI0a8kZwTB8p3Z6N2XSRNX2gKjIvG8mj2AyBzj+drrHHKEfb5eHTH6+SaORaw==",
      "license": "MIT",
      "dependencies": {
        "babel-runtime": "^6.25.0",
        "ehm": "^0.21.0",
        "harden": "^0.23.0"
      }
    },
    "node_modules/numo": {
      "version": "0.3.0",
      "resolved": "https://registry.npmjs.org/numo/-/numo-0.3.0.tgz",
      "integrity": "sha512-t+zdXX/OAK+WncO68VwbJm7EWzJUy+o/gmsF5hlLTzkivkcTZEGVYjMtXRtcKLNjaYvDqb7jveztzqw4220FXA==",
      "license": "MIT",
      "dependencies": {
        "babel-runtime": "^6.25.0",
        "ehm": "^0.21.0",
        "harden": "^0.23.0"
      }
    },
    "node_modules/objo": {
      "version": "0.1.0",
      "resolved": "https://registry.npmjs.org/objo/-/objo-0.1.0.tgz",
      "integrity": "sha512-bKeZVs3D2dOMRUGjbgL5xrpDErJQ4UEycs6E88K7KV5jA5eZCYxpE10idt8JSioLwa+tbXEz9tnNH4PFuop/1g==",
      "license": "MIT",
      "dependencies": {
        "babel-runtime": "^6.25.0",
        "blon": "^0.4.0",
        "ehm": "^0.21.0",
        "fno": "^0.5.0",
        "glyo": "^0.6.0",
        "harden": "^0.23.0",
        "ndfo": "^0.8.0",
        "nol": "^0.10.0",
        "numo": "^0.3.0",
        "stro": "^0.4.0",
        "sxty4": "^0.11.0"
      }
    },
    "node_modules/plough": {
      "version": "0.29.0",
      "resolved": "https://registry.npmjs.org/plough/-/plough-0.29.0.tgz",
      "integrity": "sha512-2BQGq9/nalq2+ddzu64gyqys5YLWrIqiUvDfXKbLgTAPoMcEUPb9/4C1bKslCaqbeJ1efmM4Dtv3GTLbsYPHvg==",
      "license": "MIT",
      "dependencies": {
        "arid": "^0.30.0",
        "babel-runtime": "^6.23.0",
        "decrease": "^0.27.0",
        "doubt": "^0.34.0",
        "raze": "^0.34.0"
      }
    },
    "node_modules/portel": {
      "version": "0.6.0",
      "resolved": "https://registry.npmjs.org/portel/-/portel-0.6.0.tgz",
      "integrity": "sha512-PytjE6ThimW5XH+aTuIQxMN2DHqVXh+Xg6pBnf9jgXKkb7YirSIQF5DpI9YCAU2vSTfpftY0dDPqYo0lfhjkHg==",
      "license": "MIT",
      "dependencies": {
        "babel-runtime": "^6.25.0",
        "blon": "^0.4.0",
        "ehm": "^0.21.0",
        "fno": "^0.5.0",
        "glyo": "^0.6.0",
        "harden": "^0.23.0",
        "ndfo": "^0.8.0",
        "nol": "^0.10.0",
        "numo": "^0.3.0",
        "objo": "^0.1.0",
        "protype": "^0.24.0",
        "stro": "^0.4.0"
      }
    },
    "node_modules/protype": {
      "version": "0.24.0",
      "resolved": "https://registry.npmjs.org/protype/-/protype-0.24.0.tgz",
      "integrity": "sha512-8deM4TghvREschzutr0HP12a1BUIHVMDY0rkxMSOGKhBK3gzId9BDdCxa60LGjhnO0m1bUc2rYse/OnAHcpe2w==",
      "license": "MIT",
      "dependencies": {
        "babel-runtime": "^6.23.0",
        "cemento": "^0.17.0",
        "harden": "^0.23.0"
      }
    },
    "node_modules/pyck": {
      "version": "0.38.0",
      "resolved": "https://registry.npmjs.org/pyck/-/pyck-0.38.0.tgz",
      "integrity": "sha512-TI6BckYs7PBkNh6Pn7pHtZ1Li+CjYdHvf2MFFk7EhnsSEiEQ6NgkcdF9Q+2gbXEdjlvRFer8EOKsgk0OC8bIog==",
      "license": "MIT",
      "dependencies": {
        "babel-runtime": "^6.25.0",
        "condev": "^0.20.0",
        "raze": "^0.34.0",
        "zelf": "^0.14.0"
      }
    },
    "node_modules/raze": {
      "version": "0.34.0",
      "resolved": "https://registry.npmjs.org/raze/-/raze-0.34.0.tgz",
      "integrity": "sha512-wibk6CQPDcpVSfxMRI92EBy9QaW6DElNVtQ+qhnOcukRJhfLPFPbeT+//rP/y8H9wLnAQSXiXu4lmvzfrFZkUQ==",
      "license": "MIT",
      "dependencies": {
        "babel-runtime": "^6.23.0"
      }
    },
    "node_modules/realign": {
      "version": "0.19.0",
      "resolved": "https://registry.npmjs.org/realign/-/realign-0.19.0.tgz",
      "integrity": "sha512-YySbZ3rtiKsCvOcNmhAZ6lEJs/QVh3v7YqQ5N4Ccq8oXHJl+qt7VGG0y1ACFMzeYeClLLpH2gyFpaac28hwviw==",
      "license": "MIT",
      "dependencies": {
        "babel-runtime": "^6.25.0",
        "falzy": "^0.23.0",
        "truly": "^0.20.0",
        "wichevr": "^0.14.0"
      }
    },
    "node_modules/regenerator-runtime": {
      "version": "0.11.1",
      "resolved": "https://registry.npmjs.org/regenerator-runtime/-/regenerator-runtime-0.11.1.tgz",
      "integrity": "sha512-MguG95oij0fC3QV3URf4V2SDYGJhJnJGqvIIgdECeODCT98wSWDAJ94SSuVpYQUoTcGUIL6L4yNB7j1DFFHSBg==",
      "license": "MIT"
    },
    "node_modules/shft": {
      "version": "0.5.0",
      "resolved": "https://registry.npmjs.org/shft/-/shft-0.5.0.tgz",
      "integrity": "sha512-XYnUHZFS3QSeY05kgCCYPfoP+wSJnjKtvEoFi1ZY8VrSRwrpJX48iCNdZviuffxOEppH7cHXYo2fYWHcTjHVFg==",
      "license": "MIT",
      "dependencies": {
        "arid": "^0.30.0",
        "babel-runtime": "^6.23.0",
        "raze": "^0.34.0"
      }
    },
    "node_modules/source-map": {
      "version": "0.6.1",
      "resolved": "https://registry.npmjs.org/source-map/-/source-map-0.6.1.tgz",
      "integrity": "sha512-UjgapumWlbMhkBgzT7Ykc5YXUT46F0iKu8SGXq0bcwP5dz/h0Plj6enJqjz1Zbq2l5WaqYnrVbwWOWMyF3F47g==",
      "license": "BSD-3-Clause",
      "engines": {
        "node": ">=0.10.0"
      }
    },
    "node_modules/stringe": {
      "version": "0.5.0",
      "resolved": "https://registry.npmjs.org/stringe/-/stringe-0.5.0.tgz",
      "integrity": "sha512-nptpLP07JLuepG/A0usZ5MC0jkWm1z8x2TUldNM7LXUHtGakOaAI/Ib0y9STg4SxkDj9m5mrelrhIDOxJi7fHw==",
      "license": "MIT",
      "dependencies": {
        "babel-runtime": "^6.23.0"
      }
    },
    "node_modules/stro": {
      "version": "0.4.0",
      "resolved": "https://registry.npmjs.org/stro/-/stro-0.4.0.tgz",
      "integrity": "sha512-tXBKGgNqWg8Wkm9ktKFTYHaXlX0eJFY5K0viD7Er+XDiJZOSBMUri76SVozjWqkWbZqnParEx7jwvr6whY4LXg==",
      "license": "MIT",
      "dependencies": {
        "babel-runtime": "^6.25.0",
        "ehm": "^0.21.0",
        "harden": "^0.23.0"
      }
    },
    "node_modules/stuffed": {
      "version": "0.27.0",
      "resolved": "https://registry.npmjs.org/stuffed/-/stuffed-0.27.0.tgz",
      "integrity": "sha512-Cd8AnvfcVpaqwlfd4ae+U7RhS5J/7A2bUZ7IkOpDBxMl4D++pmyVJzZ/ggL4dDW3c91XqjXTGpsc7Hzlx5kpVw==",
      "license": "MIT",
      "dependencies": {
        "babel-runtime": "^6.23.0",
        "doubt": "^0.34.0",
        "kount": "^0.12.0",
        "truly": "^0.20.0"
      }
    },
    "node_modules/sxty4": {
      "version": "0.11.0",
      "resolved": "https://registry.npmjs.org/sxty4/-/sxty4-0.11.0.tgz",
      "integrity": "sha512-0wZFpe0rizwou1V1ZrWjD90UI6hNWVtc69MqCn8HbyrbeRyy6EKq8A5/xF+EhX6N5yrfLWd0i61E1Wx86p8jBg==",
      "license": "MIT",
      "dependencies": {
        "babel-runtime": "^6.25.0",
        "bse": "^0.0.0",
        "falzy": "^0.23.0",
        "harden": "^0.23.0"
      }
    },
    "node_modules/titlelize": {
      "version": "0.18.0",
      "resolved": "https://registry.npmjs.org/titlelize/-/titlelize-0.18.0.tgz",
      "integrity": "sha512-3vROMhyDlXaW8utKQWSKhB/q6/pAaUYS2IZeGhDLYcN62KY9ROYYZrhi6GGHXSLAJOlFBDZTv3dvw3k2W/c9eA==",
      "license": "MIT",
      "dependencies": {
        "babel-runtime": "^6.25.0",
        "disdo": "^0.17.0",
        "falzy": "^0.23.0"
      }
    },
    "node_modules/transyl": {
      "version": "0.4.0",
      "resolved": "https://registry.npmjs.org/transyl/-/transyl-0.4.0.tgz",
      "integrity": "sha512-00YarlkR2hMYzkya8wFcP8VN8HlpAiNeScsOaFA2JBvayuWZCHrSom3k7q99hM24OrX1y43gJMgmqnWAkocOqw==",
      "license": "MIT",
      "dependencies": {
        "babel-runtime": "^6.25.0",
        "falzy": "^0.23.0",
        "mtch": "^0.6.0",
        "plough": "^0.29.0",
        "protype": "^0.24.0",
        "shft": "^0.5.0",
        "wichevr": "^0.14.0"
      }
    },
    "node_modules/truly": {
      "version": "0.20.0",
      "resolved": "https://registry.npmjs.org/truly/-/truly-0.20.0.tgz",
      "integrity": "sha512-L+9yyHRDygHAHqWiIFKqYyg5/ese7zmDBhyrbPtsLxJLkmS9GHgLpCPlZE33ODUXGgRVn9yoXT28KWbF1WUMtA==",
      "license": "MIT",
      "dependencies": {
        "babel-runtime": "^6.23.0"
      }
    },
    "node_modules/uglify-js": {
      "version": "3.19.3",
      "resolved": "https://registry.npmjs.org/uglify-js/-/uglify-js-3.19.3.tgz",
      "integrity": "sha512-v3Xu+yuwBXisp6QYTcH4UbH+xYJXqnq2m/LtQVWKWzYc1iehYnLixoQDN9FH6/j9/oybfd6W9Ghwkl8+UMKTKQ==",
      "license": "BSD-2-Clause",
      "optional": true,
      "bin": {
        "uglifyjs": "bin/uglifyjs"
      },
      "engines": {
        "node": ">=0.8.0"
      }
    },
    "node_modules/wauker": {
      "version": "0.21.0",
      "resolved": "https://registry.npmjs.org/wauker/-/wauker-0.21.0.tgz",
      "integrity": "sha512-5sOZZzvXFuqcqpYVKKW9rdiRhjpjQyKfsj9ZpcAhwuIIZahYQbX2BoRlbZHqtiOwD/Oy0Kru+1QsYwwwvvlibw==",
      "license": "MIT",
      "dependencies": {
        "babel-runtime": "^6.23.0",
        "een": "^0.23.0",
        "falzy": "^0.23.0",
        "fname": "^0.13.0"
      }
    },
    "node_modules/wichevr": {
      "version": "0.14.0",
      "resolved": "https://registry.npmjs.org/wichevr/-/wichevr-0.14.0.tgz",
      "integrity": "sha512-3aY+RXw/nY1gv8zPKP7mmgsYfXl95VSwcTDsyGnLoDw/QtNBtMk8971u620kwG/rkz+NzQ3AUUFvvgcViRxDYw==",
      "license": "MIT",
      "dependencies": {
        "babel-runtime": "^6.23.0",
        "raze": "^0.34.0",
        "truly": "^0.20.0"
      }
    },
    "node_modules/wordwrap": {
      "version": "1.0.0",
      "resolved": "https://registry.npmjs.org/wordwrap/-/wordwrap-1.0.0.tgz",
      "integrity": "sha512-gvVzJFlPycKc5dZN4yPkP8w7Dc37BtP1yczEneOb4uq34pXZcvrtRTmWV8W+Ume+XCxKgbjM+nevkyFPMybd4Q==",
      "license": "MIT"
    },
    "node_modules/xcavate": {
      "version": "0.4.0",
      "resolved": "https://registry.npmjs.org/xcavate/-/xcavate-0.4.0.tgz",
      "integrity": "sha512-nHBGyckT2vGV48bl0UVpdKyVQ/lKu5yqMziEjK1AAKz2oyJzLPE7z08VYoe5jQDReHzKQCQWZN15qezfm7NB9A==",
      "license": "MIT",
      "dependencies": {
        "babel-runtime": "^6.25.0",
        "falzy": "^0.23.0",
        "mtch": "^0.6.0",
        "protype": "^0.24.0"
      }
    },
    "node_modules/zelf": {
      "version": "0.14.0",
      "resolved": "https://registry.npmjs.org/zelf/-/zelf-0.14.0.tgz",
      "integrity": "sha512-nKgA9Fe0ogTt+QRa+8fFneYZsKHr7+uH7Id7D1sQNMVkDh+0dMtJPN8jyllM3g5PbmGX+LnYyNWrDNt32VcD7w==",
      "license": "MIT",
      "dependencies": {
        "asea": "^0.16.0",
        "babel-runtime": "^6.23.0"
      }
    }
  }
}
